
Microsoft Visual Studio Solution File, Format Version 12.00
Project("{FAE04EC0-301F-11D3-BF4B-00C04F79EFBC}") = "CreditSwiss.Orders.Service", "CreditSwiss.Orders.Service\CreditSwiss.Orders.Service.csproj", "{98641006-CAFD-4465-894B-23E2D9710E15}"
EndProject
Project("{FAE04EC0-301F-11D3-BF4B-00C04F79EFBC}") = "CreditSwiss.Orders.Service.Tests", "CreditSwiss.Orders.Service.Tests\CreditSwiss.Orders.Service.Tests.csproj", "{6994D467-415D-4D7D-8D53-13CA6FF8DE97}"
EndProject
Global
	GlobalSection(SolutionConfigurationPlatforms) = preSolution
		Debug|Any CPU = Debug|Any CPU
		Release|Any CPU = Release|Any CPU
	EndGlobalSection
	GlobalSection(ProjectConfigurationPlatforms) = postSolution
		{98641006-CAFD-4465-894B-23E2D9710E15}.Debug|Any CPU.ActiveCfg = Debug|Any CPU
		{98641006-CAFD-4465-894B-23E2D9710E15}.Debug|Any CPU.Build.0 = Debug|Any CPU
		{98641006-CAFD-4465-894B-23E2D9710E15}.Release|Any CPU.ActiveCfg = Release|Any CPU
		{98641006-CAFD-4465-894B-23E2D9710E15}.Release|Any CPU.Build.0 = Release|Any CPU
		{6994D467-415D-4D7D-8D53-13CA6FF8DE97}.Debug|Any CPU.ActiveCfg = Debug|Any CPU
		{6994D467-415D-4D7D-8D53-13CA6FF8DE97}.Debug|Any CPU.Build.0 = Debug|Any CPU
		{6994D467-415D-4D7D-8D53-13CA6FF8DE97}.Release|Any CPU.ActiveCfg = Release|Any CPU
		{6994D467-415D-4D7D-8D53-13CA6FF8DE97}.Release|Any CPU.Build.0 = Release|Any CPU
	EndGlobalSection
EndGlobal
